{
  "name": "cliqs-multisig-indexer",
  "lockfileVersion": 3,
  "requires": true,
  "packages": {
    "": {
      "name": "cliqs-multisig-indexer",
      "dependencies": {
        "@cosmjs/amino": "^0.35.0-rc.0",
        "@cosmjs/crypto": "^0.35.0-rc.0",
        "@cosmjs/encoding": "^0.35.0-rc.0",
        "@cosmjs/stargate": "^0.35.0-rc.0",
        "pg": "^8.16.3"
      }
    },
    "node_modules/@cosmjs/amino": {
      "version": "0.35.2",
      "resolved": "https://registry.npmjs.org/@cosmjs/amino/-/amino-0.35.2.tgz",
      "integrity": "sha512-MI/sQ4umpEsbBwhwpWg34L64dhQvUzTcvIRFD1s7lDe6rvOH/EU7dmsKtVzNiLSk7tikLXofJH0JJWa52Ne1zQ==",
      "license": "Apache-2.0",
      "dependencies": {
        "@cosmjs/crypto": "^0.35.2",
        "@cosmjs/encoding": "^0.35.2",
        "@cosmjs/math": "^0.35.2",
        "@cosmjs/utils": "^0.35.2"
      }
    },
    "node_modules/@cosmjs/crypto": {
      "version": "0.35.2",
      "resolved": "https://registry.npmjs.org/@cosmjs/crypto/-/crypto-0.35.2.tgz",
      "integrity": "sha512-knWzEh3levRo1p715hIsW4zz9jus9PWixnaSV1eAogbuuhsO34Qft0mP1SybWkNexc3rMQf5jqtKz0JNXsN1KQ==",
      "license": "Apache-2.0",
      "dependencies": {
        "@cosmjs/encoding": "^0.35.2",
        "@cosmjs/math": "^0.35.2",
        "@cosmjs/utils": "^0.35.2",
        "@noble/curves": "^1.9.2",
        "@noble/hashes": "^1.8.0",
        "libsodium-wrappers-sumo": "^0.7.11"
      }
    },
    "node_modules/@cosmjs/encoding": {
      "version": "0.35.2",
      "resolved": "https://registry.npmjs.org/@cosmjs/encoding/-/encoding-0.35.2.tgz",
      "integrity": "sha512-meuiDk5Em39fCUYBR1K2qyKWnrBcdF6VyQM6K3z3qcd1FMqI2w0efbVvjyzpH0X/I81lBUH2m9F+cO+se1hGdA==",
      "license": "Apache-2.0",
      "dependencies": {
        "base64-js": "^1.3.0",
        "bech32": "^1.1.4",
        "readonly-date": "^1.0.0"
      }
    },
    "node_modules/@cosmjs/json-rpc": {
      "version": "0.35.2",
      "resolved": "https://registry.npmjs.org/@cosmjs/json-rpc/-/json-rpc-0.35.2.tgz",
      "integrity": "sha512-Q0DuAYQsS+JTF6nwnfa6ICkqfuNIPPu3aFIdaVQ0zd0fBG/idJ/mRS4UlVHSwaQrsFxGTYNMNC0jV/9LFr9yZQ==",
      "license": "Apache-2.0",
      "dependencies": {
        "@cosmjs/stream": "^0.35.2",
        "xstream": "^11.14.0"
      }
    },
    "node_modules/@cosmjs/math": {
      "version": "0.35.2",
      "resolved": "https://registry.npmjs.org/@cosmjs/math/-/math-0.35.2.tgz",
      "integrity": "sha512-szmd6VWq7rqrKSXAt3tiBpGw8n6iQS2zuA8I+mDrhqyw/ZWFy0zf29MJBNm5ths7N0xAxPTYsSTaeLahSNryvA==",
      "license": "Apache-2.0"
    },
    "node_modules/@cosmjs/proto-signing": {
      "version": "0.35.2",
      "resolved": "https://registry.npmjs.org/@cosmjs/proto-signing/-/proto-signing-0.35.2.tgz",
      "integrity": "sha512-oqGlrF7EwUuagWjYZEhfRCQp0uVzCa7bqBlGQvPxXz/RVoTuORGz9GRSuFyUu2EfbC3WVpu2NKB4awBGsGxNXg==",
      "license": "Apache-2.0",
      "dependencies": {
        "@cosmjs/amino": "^0.35.2",
        "@cosmjs/crypto": "^0.35.2",
        "@cosmjs/encoding": "^0.35.2",
        "@cosmjs/math": "^0.35.2",
        "@cosmjs/utils": "^0.35.2",
        "cosmjs-types": "^0.10.1"
      }
    },
    "node_modules/@cosmjs/socket": {
      "version": "0.35.2",
      "resolved": "https://registry.npmjs.org/@cosmjs/socket/-/socket-0.35.2.tgz",
      "integrity": "sha512-P7RgMJf7qM9zXk4eUPAT784bV7cfKghz5MjU9WXf9Li8vZAEP/x7997TKOwRWEotrImvZJWOCDP1vQaugnlvKQ==",
      "license": "Apache-2.0",
      "dependencies": {
        "@cosmjs/stream": "^0.35.2",
        "isomorphic-ws": "^4.0.1",
        "ws": "^7",
        "xstream": "^11.14.0"
      }
    },
    "node_modules/@cosmjs/stargate": {
      "version": "0.35.2",
      "resolved": "https://registry.npmjs.org/@cosmjs/stargate/-/stargate-0.35.2.tgz",
      "integrity": "sha512-3t0l4F+tQHq6r5wDDqA8SruFXRkxDVkjp0c6lsZDfq17rSLufcTth4upEu4qOLlxHDGSAxUaRj91tUeXD8lRZA==",
      "license": "Apache-2.0",
      "dependencies": {
        "@cosmjs/amino": "^0.35.2",
        "@cosmjs/encoding": "^0.35.2",
        "@cosmjs/math": "^0.35.2",
        "@cosmjs/proto-signing": "^0.35.2",
        "@cosmjs/stream": "^0.35.2",
        "@cosmjs/tendermint-rpc": "^0.35.2",
        "@cosmjs/utils": "^0.35.2",
        "cosmjs-types": "^0.10.1"
      }
    },
    "node_modules/@cosmjs/stream": {
      "version": "0.35.2",
      "resolved": "https://registry.npmjs.org/@cosmjs/stream/-/stream-0.35.2.tgz",
      "integrity": "sha512-ypD17TcFu0Z4Q+9ekUCUBWyIKE+QTjWodNSEMD4sTDS3nxgsSr3tTsfNLNxx55nHOgpX0pftMKkADskLry4ejg==",
      "license": "Apache-2.0",
      "dependencies": {
        "xstream": "^11.14.0"
      }
    },
    "node_modules/@cosmjs/tendermint-rpc": {
      "version": "0.35.2",
      "resolved": "https://registry.npmjs.org/@cosmjs/tendermint-rpc/-/tendermint-rpc-0.35.2.tgz",
      "integrity": "sha512-u6krFKmkICIR4R277tuuI/Vm3ZsOtuR5dlg0SAERHB7cdyyG/kxW1Hx9Am71LMIcXVKrV8V2ZHuwNNf48q1qUA==",
      "license": "Apache-2.0",
      "dependencies": {
        "@cosmjs/crypto": "^0.35.2",
        "@cosmjs/encoding": "^0.35.2",
        "@cosmjs/json-rpc": "^0.35.2",
        "@cosmjs/math": "^0.35.2",
        "@cosmjs/socket": "^0.35.2",
        "@cosmjs/stream": "^0.35.2",
        "@cosmjs/utils": "^0.35.2",
        "readonly-date": "^1.0.0",
        "xstream": "^11.14.0"
      }
    },
    "node_modules/@cosmjs/utils": {
      "version": "0.35.2",
      "resolved": "https://registry.npmjs.org/@cosmjs/utils/-/utils-0.35.2.tgz",
      "integrity": "sha512-J99Dwx4Kdr+Bbm3ESHzoPbSDlsyj9/qqYo9Bml0eoxxzvdIP0yxHriBgNH9V4phWSHium+kFc21Q9k79xmeAUw==",
      "license": "Apache-2.0"
    },
    "node_modules/@noble/curves": {
      "version": "1.9.7",
      "resolved": "https://registry.npmjs.org/@noble/curves/-/curves-1.9.7.tgz",
      "integrity": "sha512-gbKGcRUYIjA3/zCCNaWDciTMFI0dCkvou3TL8Zmy5Nc7sJ47a0jtOeZoTaMxkuqRo9cRhjOdZJXegxYE5FN/xw==",
      "license": "MIT",
      "dependencies": {
        "@noble/hashes": "1.8.0"
      },
      "engines": {
        "node": "^14.21.3 || >=16"
      },
      "funding": {
        "url": "https://paulmillr.com/funding/"
      }
    },
    "node_modules/@noble/hashes": {
      "version": "1.8.0",
      "resolved": "https://registry.npmjs.org/@noble/hashes/-/hashes-1.8.0.tgz",
      "integrity": "sha512-jCs9ldd7NwzpgXDIf6P3+NrHh9/sD6CQdxHyjQI+h/6rDNo88ypBxxz45UDuZHz9r3tNz7N/VInSVoVdtXEI4A==",
      "license": "MIT",
      "engines": {
        "node": "^14.21.3 || >=16"
      },
      "funding": {
        "url": "https://paulmillr.com/funding/"
      }
    },
    "node_modules/base64-js": {
      "version": "1.5.1",
      "resolved": "https://registry.npmjs.org/base64-js/-/base64-js-1.5.1.tgz",
      "integrity": "sha512-AKpaYlHn8t4SVbOHCy+b5+KKgvR4vrsD8vbvrbiQJps7fKDTkjkDry6ji0rUJjC0kzbNePLwzxq8iypo41qeWA==",
      "funding": [
        {
          "type": "github",
          "url": "https://github.com/sponsors/feross"
        },
        {
          "type": "patreon",
          "url": "https://www.patreon.com/feross"
        },
        {
          "type": "consulting",
          "url": "https://feross.org/support"
        }
      ],
      "license": "MIT"
    },
    "node_modules/bech32": {
      "version": "1.1.4",
      "resolved": "https://registry.npmjs.org/bech32/-/bech32-1.1.4.tgz",
      "integrity": "sha512-s0IrSOzLlbvX7yp4WBfPITzpAU8sqQcpsmwXDiKwrG4r491vwCO/XpejasRNl0piBMe/DvP4Tz0mIS/X1DPJBQ==",
      "license": "MIT"
    },
    "node_modules/cosmjs-types": {
      "version": "0.10.1",
      "resolved": "https://registry.npmjs.org/cosmjs-types/-/cosmjs-types-0.10.1.tgz",
      "integrity": "sha512-CENXb4O5GN+VyB68HYXFT2SOhv126Z59631rZC56m8uMWa6/cSlFeai8BwZGT1NMepw0Ecf+U8XSOnBzZUWh9Q==",
      "license": "Apache-2.0"
    },
    "node_modules/define-data-property": {
      "version": "1.1.4",
      "resolved": "https://registry.npmjs.org/define-data-property/-/define-data-property-1.1.4.tgz",
      "integrity": "sha512-rBMvIzlpA8v6E+SJZoo++HAYqsLrkg7MSfIinMPFhmkorw7X+dOXVJQs+QT69zGkzMyfDnIMN2Wid1+NbL3T+A==",
      "license": "MIT",
      "dependencies": {
        "es-define-property": "^1.0.0",
        "es-errors": "^1.3.0",
        "gopd": "^1.0.1"
      },
      "engines": {
        "node": ">= 0.4"
      },
      "funding": {
        "url": "https://github.com/sponsors/ljharb"
      }
    },
    "node_modules/define-properties": {
      "version": "1.2.1",
      "resolved": "https://registry.npmjs.org/define-properties/-/define-properties-1.2.1.tgz",
      "integrity": "sha512-8QmQKqEASLd5nx0U1B1okLElbUuuttJ/AnYmRXbbbGDWh6uS208EjD4Xqq/I9wK7u0v6O08XhTWnt5XtEbR6Dg==",
      "license": "MIT",
      "dependencies": {
        "define-data-property": "^1.0.1",
        "has-property-descriptors": "^1.0.0",
        "object-keys": "^1.1.1"
      },
      "engines": {
        "node": ">= 0.4"
      },
      "funding": {
        "url": "https://github.com/sponsors/ljharb"
      }
    },
    "node_modules/es-define-property": {
      "version": "1.0.1",
      "resolved": "https://registry.npmjs.org/es-define-property/-/es-define-property-1.0.1.tgz",
      "integrity": "sha512-e3nRfgfUZ4rNGL232gUgX06QNyyez04KdjFrF+LTRoOXmrOgFKDg4BCdsjW8EnT69eqdYGmRpJwiPVYNrCaW3g==",
      "license": "MIT",
      "engines": {
        "node": ">= 0.4"
      }
    },
    "node_modules/es-errors": {
      "version": "1.3.0",
      "resolved": "https://registry.npmjs.org/es-errors/-/es-errors-1.3.0.tgz",
      "integrity": "sha512-Zf5H2Kxt2xjTvbJvP2ZWLEICxA6j+hAmMzIlypy4xcBg1vKVnx89Wy0GbS+kf5cwCVFFzdCFh2XSCFNULS6csw==",
      "license": "MIT",
      "engines": {
        "node": ">= 0.4"
      }
    },
    "node_modules/globalthis": {
      "version": "1.0.4",
      "resolved": "https://registry.npmjs.org/globalthis/-/globalthis-1.0.4.tgz",
      "integrity": "sha512-DpLKbNU4WylpxJykQujfCcwYWiV/Jhm50Goo0wrVILAv5jOr9d+H+UR3PhSCD2rCCEIg0uc+G+muBTwD54JhDQ==",
      "license": "MIT",
      "dependencies": {
        "define-properties": "^1.2.1",
        "gopd": "^1.0.1"
      },
      "engines": {
        "node": ">= 0.4"
      },
      "funding": {
        "url": "https://github.com/sponsors/ljharb"
      }
    },
    "node_modules/gopd": {
      "version": "1.2.0",
      "resolved": "https://registry.npmjs.org/gopd/-/gopd-1.2.0.tgz",
      "integrity": "sha512-ZUKRh6/kUFoAiTAtTYPZJ3hw9wNxx+BIBOijnlG9PnrJsCcSjs1wyyD6vJpaYtgnzDrKYRSqf3OO6Rfa93xsRg==",
      "license": "MIT",
      "engines": {
        "node": ">= 0.4"
      },
      "funding": {
        "url": "https://github.com/sponsors/ljharb"
      }
    },
    "node_modules/has-property-descriptors": {
      "version": "1.0.2",
      "resolved": "https://registry.npmjs.org/has-property-descriptors/-/has-property-descriptors-1.0.2.tgz",
      "integrity": "sha512-55JNKuIW+vq4Ke1BjOTjM2YctQIvCT7GFzHwmfZPGo5wnrgkid0YQtnAleFSqumZm4az3n2BS+erby5ipJdgrg==",
      "license": "MIT",
      "dependencies": {
        "es-define-property": "^1.0.0"
      },
      "funding": {
        "url": "https://github.com/sponsors/ljharb"
      }
    },
    "node_modules/isomorphic-ws": {
      "version": "4.0.1",
      "resolved": "https://registry.npmjs.org/isomorphic-ws/-/isomorphic-ws-4.0.1.tgz",
      "integrity": "sha512-BhBvN2MBpWTaSHdWRb/bwdZJ1WaehQ2L1KngkCkfLUGF0mAWAT1sQUQacEmQ0jXkFw/czDXPNQSL5u2/Krsz1w==",
      "license": "MIT",
      "peerDependencies": {
        "ws": "*"
      }
    },
    "node_modules/libsodium-sumo": {
      "version": "0.7.16",
      "resolved": "https://registry.npmjs.org/libsodium-sumo/-/libsodium-sumo-0.7.16.tgz",
      "integrity": "sha512-x6atrz2AdXCJg6G709x9W9TTJRI6/0NcL5dD0l5GGVqNE48UJmDsjO4RUWYTeyXXUpg+NXZ2SHECaZnFRYzwGA==",
      "license": "ISC"
    },
    "node_modules/libsodium-wrappers-sumo": {
      "version": "0.7.16",
      "resolved": "https://registry.npmjs.org/libsodium-wrappers-sumo/-/libsodium-wrappers-sumo-0.7.16.tgz",
      "integrity": "sha512-gR0JEFPeN3831lB9+ogooQk0KH4K5LSMIO5Prd5Q5XYR2wHFtZfPg0eP7t1oJIWq+UIzlU4WVeBxZ97mt28tXw==",
      "license": "ISC",
      "dependencies": {
        "libsodium-sumo": "^0.7.16"
      }
    },
    "node_modules/object-keys": {
      "version": "1.1.1",
      "resolved": "https://registry.npmjs.org/object-keys/-/object-keys-1.1.1.tgz",
      "integrity": "sha512-NuAESUOUMrlIXOfHKzD6bpPu3tYt3xvjNdRIQ+FeT0lNb4K8WR70CaDxhuNguS2XG+GjkyMwOzsN5ZktImfhLA==",
      "license": "MIT",
      "engines": {
        "node": ">= 0.4"
      }
    },
    "node_modules/pg": {
      "version": "8.20.0",
      "resolved": "https://registry.npmjs.org/pg/-/pg-8.20.0.tgz",
      "integrity": "sha512-ldhMxz2r8fl/6QkXnBD3CR9/xg694oT6DZQ2s6c/RI28OjtSOpxnPrUCGOBJ46RCUxcWdx3p6kw/xnDHjKvaRA==",
      "license": "MIT",
      "dependencies": {
        "pg-connection-string": "^2.12.0",
        "pg-pool": "^3.13.0",
        "pg-protocol": "^1.13.0",
        "pg-types": "2.2.0",
        "pgpass": "1.0.5"
      },
      "engines": {
        "node": ">= 16.0.0"
      },
      "optionalDependencies": {
        "pg-cloudflare": "^1.3.0"
      },
      "peerDependencies": {
        "pg-native": ">=3.0.1"
      },
      "peerDependenciesMeta": {
        "pg-native": {
          "optional": true
        }
      }
    },
    "node_modules/pg-cloudflare": {
      "version": "1.3.0",
      "resolved": "https://registry.npmjs.org/pg-cloudflare/-/pg-cloudflare-1.3.0.tgz",
      "integrity": "sha512-6lswVVSztmHiRtD6I8hw4qP/nDm1EJbKMRhf3HCYaqud7frGysPv7FYJ5noZQdhQtN2xJnimfMtvQq21pdbzyQ==",
      "license": "MIT",
      "optional": true
    },
    "node_modules/pg-connection-string": {
      "version": "2.12.0",
      "resolved": "https://registry.npmjs.org/pg-connection-string/-/pg-connection-string-2.12.0.tgz",
      "integrity": "sha512-U7qg+bpswf3Cs5xLzRqbXbQl85ng0mfSV/J0nnA31MCLgvEaAo7CIhmeyrmJpOr7o+zm0rXK+hNnT5l9RHkCkQ==",
      "license": "MIT"
    },
    "node_modules/pg-int8": {
      "version": "1.0.1",
      "resolved": "https://registry.npmjs.org/pg-int8/-/pg-int8-1.0.1.tgz",
      "integrity": "sha512-WCtabS6t3c8SkpDBUlb1kjOs7l66xsGdKpIPZsg4wR+B3+u9UAum2odSsF9tnvxg80h4ZxLWMy4pRjOsFIqQpw==",
      "license": "ISC",
      "engines": {
        "node": ">=4.0.0"
      }
    },
    "node_modules/pg-pool": {
      "version": "3.13.0",
      "resolved": "https://registry.npmjs.org/pg-pool/-/pg-pool-3.13.0.tgz",
      "integrity": "sha512-gB+R+Xud1gLFuRD/QgOIgGOBE2KCQPaPwkzBBGC9oG69pHTkhQeIuejVIk3/cnDyX39av2AxomQiyPT13WKHQA==",
      "license": "MIT",
      "peerDependencies": {
        "pg": ">=8.0"
      }
    },
    "node_modules/pg-protocol": {
      "version": "1.13.0",
      "resolved": "https://registry.npmjs.org/pg-protocol/-/pg-protocol-1.13.0.tgz",
      "integrity": "sha512-zzdvXfS6v89r6v7OcFCHfHlyG/wvry1ALxZo4LqgUoy7W9xhBDMaqOuMiF3qEV45VqsN6rdlcehHrfDtlCPc8w==",
      "license": "MIT"
    },
    "node_modules/pg-types": {
      "version": "2.2.0",
      "resolved": "https://registry.npmjs.org/pg-types/-/pg-types-2.2.0.tgz",
      "integrity": "sha512-qTAAlrEsl8s4OiEQY69wDvcMIdQN6wdz5ojQiOy6YRMuynxenON0O5oCpJI6lshc6scgAY8qvJ2On/p+CXY0GA==",
      "license": "MIT",
      "dependencies": {
        "pg-int8": "1.0.1",
        "postgres-array": "~2.0.0",
        "postgres-bytea": "~1.0.0",
        "postgres-date": "~1.0.4",
        "postgres-interval": "^1.1.0"
      },
      "engines": {
        "node": ">=4"
      }
    },
    "node_modules/pgpass": {
      "version": "1.0.5",
      "resolved": "https://registry.npmjs.org/pgpass/-/pgpass-1.0.5.tgz",
      "integrity": "sha512-FdW9r/jQZhSeohs1Z3sI1yxFQNFvMcnmfuj4WBMUTxOrAyLMaTcE1aAMBiTlbMNaXvBCQuVi0R7hd8udDSP7ug==",
      "license": "MIT",
      "dependencies": {
        "split2": "^4.1.0"
      }
    },
    "node_modules/postgres-array": {
      "version": "2.0.0",
      "resolved": "https://registry.npmjs.org/postgres-array/-/postgres-array-2.0.0.tgz",
      "integrity": "sha512-VpZrUqU5A69eQyW2c5CA1jtLecCsN2U/bD6VilrFDWq5+5UIEVO7nazS3TEcHf1zuPYO/sqGvUvW62g86RXZuA==",
      "license": "MIT",
      "engines": {
        "node": ">=4"
      }
    },
    "node_modules/postgres-bytea": {
      "version": "1.0.1",
      "resolved": "https://registry.npmjs.org/postgres-bytea/-/postgres-bytea-1.0.1.tgz",
      "integrity": "sha512-5+5HqXnsZPE65IJZSMkZtURARZelel2oXUEO8rH83VS/hxH5vv1uHquPg5wZs8yMAfdv971IU+kcPUczi7NVBQ==",
      "license": "MIT",
      "engines": {
        "node": ">=0.10.0"
      }
    },
    "node_modules/postgres-date": {
      "version": "1.0.7",
      "resolved": "https://registry.npmjs.org/postgres-date/-/postgres-date-1.0.7.tgz",
      "integrity": "sha512-suDmjLVQg78nMK2UZ454hAG+OAW+HQPZ6n++TNDUX+L0+uUlLywnoxJKDou51Zm+zTCjrCl0Nq6J9C5hP9vK/Q==",
      "license": "MIT",
      "engines": {
        "node": ">=0.10.0"
      }
    },
    "node_modules/postgres-interval": {
      "version": "1.2.0",
      "resolved": "https://registry.npmjs.org/postgres-interval/-/postgres-interval-1.2.0.tgz",
      "integrity": "sha512-9ZhXKM/rw350N1ovuWHbGxnGh/SNJ4cnxHiM0rxE4VN41wsg8P8zWn9hv/buK00RP4WvlOyr/RBDiptyxVbkZQ==",
      "license": "MIT",
      "dependencies": {
        "xtend": "^4.0.0"
      },
      "engines": {
        "node": ">=0.10.0"
      }
    },
    "node_modules/readonly-date": {
      "version": "1.0.0",
      "resolved": "https://registry.npmjs.org/readonly-date/-/readonly-date-1.0.0.tgz",
      "integrity": "sha512-tMKIV7hlk0h4mO3JTmmVuIlJVXjKk3Sep9Bf5OH0O+758ruuVkUy2J9SttDLm91IEX/WHlXPSpxMGjPj4beMIQ==",
      "license": "Apache-2.0"
    },
    "node_modules/split2": {
      "version": "4.2.0",
      "resolved": "https://registry.npmjs.org/split2/-/split2-4.2.0.tgz",
      "integrity": "sha512-UcjcJOWknrNkF6PLX83qcHM6KHgVKNkV62Y8a5uYDVv9ydGQVwAHMKqHdJje1VTWpljG0WYpCDhrCdAOYH4TWg==",
      "license": "ISC",
      "engines": {
        "node": ">= 10.x"
      }
    },
    "node_modules/symbol-observable": {
      "version": "2.0.3",
      "resolved": "https://registry.npmjs.org/symbol-observable/-/symbol-observable-2.0.3.tgz",
      "integrity": "sha512-sQV7phh2WCYAn81oAkakC5qjq2Ml0g8ozqz03wOGnx9dDlG1de6yrF+0RAzSJD8fPUow3PTSMf2SAbOGxb93BA==",
      "license": "MIT",
      "engines": {
        "node": ">=0.10"
      }
    },
    "node_modules/ws": {
      "version": "7.5.10",
      "resolved": "https://registry.npmjs.org/ws/-/ws-7.5.10.tgz",
      "integrity": "sha512-+dbF1tHwZpXcbOJdVOkzLDxZP1ailvSxM6ZweXTegylPny803bFhA+vqBYw4s31NSAk4S2Qz+AKXK9a4wkdjcQ==",
      "license": "MIT",
      "engines": {
        "node": ">=8.3.0"
      },
      "peerDependencies": {
        "bufferutil": "^4.0.1",
        "utf-8-validate": "^5.0.2"
      },
      "peerDependenciesMeta": {
        "bufferutil": {
          "optional": true
        },
        "utf-8-validate": {
          "optional": true
        }
      }
    },
    "node_modules/xstream": {
      "version": "11.14.0",
      "resolved": "https://registry.npmjs.org/xstream/-/xstream-11.14.0.tgz",
      "integrity": "sha512-1bLb+kKKtKPbgTK6i/BaoAn03g47PpFstlbe1BA+y3pNS/LfvcaghS5BFf9+EE1J+KwSQsEpfJvFN5GqFtiNmw==",
      "license": "MIT",
      "dependencies": {
        "globalthis": "^1.0.1",
        "symbol-observable": "^2.0.3"
      }
    },
    "node_modules/xtend": {
      "version": "4.0.2",
      "resolved": "https://registry.npmjs.org/xtend/-/xtend-4.0.2.tgz",
      "integrity": "sha512-LKYU1iAXJXUgAXn9URjiu+MWhyUXHsvfp7mcuYm9dSUKK0/CjtrUwFAxD82/mCWbtLsGjFIad0wIsod4zrTAEQ==",
      "license": "MIT",
      "engines": {
        "node": ">=0.4"
      }
    }
  }
}
